lockfileVersion: 5.4

specifiers:
  '@pixi/utils': 7.3.1
  '@types/node': ^18.7.15
  pixi.js: ^7.2.4
  typescript: ^4.6.4
  vite: ^3.1.0

dependencies:
  '@pixi/utils': 7.3.1
  pixi.js: 7.3.1_@pixi+utils@7.3.1

devDependencies:
  '@types/node': 18.18.6
  typescript: 4.9.5
  vite: 3.2.7_@types+node@18.18.6

packages:

  /@esbuild/android-arm/0.15.18:
    resolution: {integrity: sha512-5GT+kcs2WVGjVs7+boataCkO5Fg0y4kCjzkB5bAip7H4jfnOS3dA6KPiww9W1OEKTKeAcUVhdZGvgI65OXmUnw==}
    engines: {node: '>=12'}
    cpu: [arm]
    os: [android]
    requiresBuild: true
    dev: true
    optional: true

  /@esbuild/linux-loong64/0.15.18:
    resolution: {integrity: sha512-L4jVKS82XVhw2nvzLg/19ClLWg0y27ulRwuP7lcyL6AbUWB5aPglXY3M21mauDQMDfRLs8cQmeT03r/+X3cZYQ==}
    engines: {node: '>=12'}
    cpu: [loong64]
    os: [linux]
    requiresBuild: true
    dev: true
    optional: true

  /@pixi/accessibility/7.3.1_ivgxrhc2dtnrwdtikyiba2er3q:
    resolution: {integrity: sha512-7+XqUbVIRKvZQOuzQkt5vGpaDIBMorK5Sa+y9exu7nYDPCYlPdVoQeiQL7v2PtUxqkrgn28faNn8OqY8MhcqrQ==}
    peerDependencies:
      '@pixi/core': 7.3.1
      '@pixi/display': 7.3.1
      '@pixi/events': 7.3.1
    dependencies:
      '@pixi/core': 7.3.1
      '@pixi/display': 7.3.1_@pixi+core@7.3.1
      '@pixi/events': 7.3.1_m3nymbnq5s6svjlvjesf6bbkly
    dev: false

  /@pixi/app/7.3.1_m3nymbnq5s6svjlvjesf6bbkly:
    resolution: {integrity: sha512-pQG/IIgsQLXmB/Y+qeS6g/VBF824XiCKtypgYVtdg+hwKdVN4aVhayBtvFBmxz+abRBXUdHSUhBG80haPXEtCQ==}
    peerDependencies:
      '@pixi/core': 7.3.1
      '@pixi/display': 7.3.1
    dependencies:
      '@pixi/core': 7.3.1
      '@pixi/display': 7.3.1_@pixi+core@7.3.1
    dev: false

  /@pixi/assets/7.3.1_jfubfe33ayfzb226d4dyfxpate:
    resolution: {integrity: sha512-BACPZkm5ptkqXpdHvV0tdAzsVR9t9iQROa5K4OOGkyHUZhLFcoSPFu3Vfa77rzgo3xtTK+HTw3qABibr3RBcVw==}
    peerDependencies:
      '@pixi/core': 7.3.1
      '@pixi/utils': 7.3.1
    dependencies:
      '@pixi/core': 7.3.1
      '@pixi/utils': 7.3.1
      '@types/css-font-loading-module': 0.0.7
    dev: false

  /@pixi/color/7.3.1:
    resolution: {integrity: sha512-qxDy9iEUbhR+n5zDBUUeWx9aReaELpjjP0BVneHNQxLELpx3sVxCHBXjnKe5ZTGtZsJOkD5ji7gDBfwFlUurBw==}
    dependencies:
      '@pixi/colord': 2.9.6
    dev: false

  /@pixi/colord/2.9.6:
    resolution: {integrity: sha512-nezytU2pw587fQstUu1AsJZDVEynjskwOL+kibwcdxsMBFqPsFFNA7xl0ii/gXuDi6M0xj3mfRJj8pBSc2jCfA==}
    dev: false

  /@pixi/compressed-textures/7.3.1_deizawnztdapnxqkkp65xnb35i:
    resolution: {integrity: sha512-1zH6vDR1+xnYaaDpno8zGkTNT/itP9J8d+dfFcKPUmzeqpm8batPkY5O7NtJ8SrQSN0UwJb+X7gFwK8LwVgKWQ==}
    peerDependencies:
      '@pixi/assets': 7.3.1
      '@pixi/core': 7.3.1
    dependencies:
      '@pixi/assets': 7.3.1_jfubfe33ayfzb226d4dyfxpate
      '@pixi/core': 7.3.1
    dev: false

  /@pixi/constants/7.3.1:
    resolution: {integrity: sha512-Xq8tyUcVwpkPge9XGMZl9gzzNdNuKmjmxulJ9jNk9Zbf2QPVunn21WWZYBl4TO0mleUhT8wNnbXXn5CAbMgwFA==}
    dev: false

  /@pixi/core/7.3.1:
    resolution: {integrity: sha512-LEASg6x2wp46y2WmN227K8X3vQKU0KxflrYGgj/o573OYSpEJkmY0WMoEInTUXmhCVLOHPcnBde5YDu0JmKsjQ==}
    dependencies:
      '@pixi/color': 7.3.1
      '@pixi/constants': 7.3.1
      '@pixi/extensions': 7.3.1
      '@pixi/math': 7.3.1
      '@pixi/runner': 7.3.1
      '@pixi/settings': 7.3.1
      '@pixi/ticker': 7.3.1
      '@pixi/utils': 7.3.1
      '@types/offscreencanvas': 2019.7.2
    dev: false

  /@pixi/display/7.3.1_@pixi+core@7.3.1:
    resolution: {integrity: sha512-FzVsEuR9mmi8G+3HytrnKpcO9By04gJhNrYnMY6pLWwXE6MzuEtC7QYobtN1UIUp4Zs73O6lmdZtWOYqrdjgGw==}
    peerDependencies:
      '@pixi/core': 7.3.1
    dependencies:
      '@pixi/core': 7.3.1
    dev: false

  /@pixi/events/7.3.1_m3nymbnq5s6svjlvjesf6bbkly:
    resolution: {integrity: sha512-L6MSeFnLo3z/pQMCLGbwp5szp1+26YoZ50De2pT6hMuPGtMtio89IkFU07G1jNuiGhJsPMw4Zn9H71KiZp+X1A==}
    peerDependencies:
      '@pixi/core': 7.3.1
      '@pixi/display': 7.3.1
    dependencies:
      '@pixi/core': 7.3.1
      '@pixi/display': 7.3.1_@pixi+core@7.3.1
    dev: false

  /@pixi/extensions/7.3.1:
    resolution: {integrity: sha512-KiM1uXnNQ6yjJ/8gYuqBVZxw1CPH0LRoUvnOWXrHXm74somNtJdxnEliq3zagGpyxjmiHHJmI0Y9gnXrhzVU4Q==}
    dev: false

  /@pixi/extract/7.3.1_@pixi+core@7.3.1:
    resolution: {integrity: sha512-kuB2gi5JHdBK0WOvvbKZiVQkQFqRZehJlDbZaiaWcgb9G9B/8M/V+fodXS/WsmTNxOegN98igkSTpD2k1dYPnA==}
    peerDependencies:
      '@pixi/core': 7.3.1
    dependencies:
      '@pixi/core': 7.3.1
    dev: false

  /@pixi/filter-alpha/7.3.1_@pixi+core@7.3.1:
    resolution: {integrity: sha512-6vTUFnqLuPGFgG5/ODuNcmZNmsykWo/sMR4jBekeINGoVHs3Min0nQE4t/zk2xtg7UA1reI8SQzcVhBqp8g7GQ==}
    peerDependencies:
      '@pixi/core': 7.3.1
    dependencies:
      '@pixi/core': 7.3.1
    dev: false

  /@pixi/filter-blur/7.3.1_@pixi+core@7.3.1:
    resolution: {integrity: sha512-aRK7CfKh/tnCbXS3um9LKjiQ1TOsFTPfI+OOOxcaQyZK9qs4GinnhZ2HCoq5OAcMnjMAWhvi60ssKJsP8505zw==}
    peerDependencies:
      '@pixi/core': 7.3.1
    dependencies:
      '@pixi/core': 7.3.1
    dev: false

  /@pixi/filter-color-matrix/7.3.1_@pixi+core@7.3.1:
    resolution: {integrity: sha512-XcVyWbk91QbTpzyIV/+nQlJxsgU3QO/rOTlota18aHB4EF8ptYyVeRgIv1YXi+UxcWRE/MpWbeUVLaJG9buELA==}
    peerDependencies:
      '@pixi/core': 7.3.1
    dependencies:
      '@pixi/core': 7.3.1
    dev: false

  /@pixi/filter-displacement/7.3.1_@pixi+core@7.3.1:
    resolution: {integrity: sha512-XrjBJcWvNxy/LlNZU6vLghUzG9kqMAM6xAIOzFm7CPwr+3Av32fyBp2l6FUYgoZMgb+4+Rxv8mPnUyX4gFMqLw==}
    peerDependencies:
      '@pixi/core': 7.3.1
    dependencies:
      '@pixi/core': 7.3.1
    dev: false

  /@pixi/filter-fxaa/7.3.1_@pixi+core@7.3.1:
    resolution: {integrity: sha512-ZL3kjIkMm29+G8AOuxDDo2VrqeJEBw6zloDDerUq71NRsyIUWJEdscdiVUDytL1/JqZwxdHEvzDNG6IF3P1VFg==}
    peerDependencies:
      '@pixi/core': 7.3.1
    dependencies:
      '@pixi/core': 7.3.1
    dev: false

  /@pixi/filter-noise/7.3.1_@pixi+core@7.3.1:
    resolution: {integrity: sha512-eORqa7Rn3OxZlrrF4J59VPHHgiHe+cukPQ2Wp24Q0XuYoBZrnPow5SDDwtwIfCXQg68LPdiSpKdwkLJxsew8aw==}
    peerDependencies:
      '@pixi/core': 7.3.1
    dependencies:
      '@pixi/core': 7.3.1
    dev: false

  /@pixi/graphics/7.3.1_o3bchlhf3zlj4wu7fmubmyavpm:
    resolution: {integrity: sha512-e1GfhN0fCtq1VDPSgd7nm034ml79SqmP0+IqX3CoilfT7Qoy+IimEYZ4R50SczGBcUGE4egDRIFYv+TgdBuQ2g==}
    peerDependencies:
      '@pixi/core': 7.3.1
      '@pixi/display': 7.3.1
      '@pixi/sprite': 7.3.1
    dependencies:
      '@pixi/core': 7.3.1
      '@pixi/display': 7.3.1_@pixi+core@7.3.1
      '@pixi/sprite': 7.3.1_m3nymbnq5s6svjlvjesf6bbkly
    dev: false

  /@pixi/math/7.3.1:
    resolution: {integrity: sha512-kRTpac/3frRPMf8YRai3+2bFldgE7SwzGsLYjb4//QdeuY0WVaeSPJJKEVXZ/aBK/JgGO7Np75kwr7/2+qegSg==}
    dev: false

  /@pixi/mesh-extras/7.3.1_2pdp7tpjjkn7cxpcufwxcaaxhu:
    resolution: {integrity: sha512-xmK6c/cM5iDFqrg7NEjSH9i4Ieqsy9A9MWAFoIoPTph6HhCTZWNnRn6sdgLR9+6z5b8AmXujwarMBqdM7fXtvQ==}
    peerDependencies:
      '@pixi/core': 7.3.1
      '@pixi/mesh': 7.3.1
    dependencies:
      '@pixi/core': 7.3.1
      '@pixi/mesh': 7.3.1_m3nymbnq5s6svjlvjesf6bbkly
    dev: false

  /@pixi/mesh/7.3.1_m3nymbnq5s6svjlvjesf6bbkly:
    resolution: {integrity: sha512-22b2++/UWURee2R++1PaY/zTh4UaN/ASg4DHcELI9OgM5qrxfnk3MrpdWTNyJPYWUTLlP8XYPGiwIbVPiiUNmA==}
    peerDependencies:
      '@pixi/core': 7.3.1
      '@pixi/display': 7.3.1
    dependencies:
      '@pixi/core': 7.3.1
      '@pixi/display': 7.3.1_@pixi+core@7.3.1
    dev: false

  /@pixi/mixin-cache-as-bitmap/7.3.1_o3bchlhf3zlj4wu7fmubmyavpm:
    resolution: {integrity: sha512-4GNr8qq0ZFqSVnIsfqlNI5cnCz1qL9kLhq+/SRf3JmPcwYolnS015HP5zhnG2nKU6pgeCz5KpQfxOYPytOlcKw==}
    peerDependencies:
      '@pixi/core': 7.3.1
      '@pixi/display': 7.3.1
      '@pixi/sprite': 7.3.1
    dependencies:
      '@pixi/core': 7.3.1
      '@pixi/display': 7.3.1_@pixi+core@7.3.1
      '@pixi/sprite': 7.3.1_m3nymbnq5s6svjlvjesf6bbkly
    dev: false

  /@pixi/mixin-get-child-by-name/7.3.1_@pixi+display@7.3.1:
    resolution: {integrity: sha512-+2tArxvfjmbWW+/8sfn+qCtNy2kUCa1xPhyGjfgLwPBAOAghpmIXWa5YXXVVdUgE2+qw3aL5OyR2n/DL1Y5/6A==}
    peerDependencies:
      '@pixi/display': 7.3.1
    dependencies:
      '@pixi/display': 7.3.1_@pixi+core@7.3.1
    dev: false

  /@pixi/mixin-get-global-position/7.3.1_m3nymbnq5s6svjlvjesf6bbkly:
    resolution: {integrity: sha512-WcPxxj73u/c2AXaCd8umi9xipMllOg3Cl3LJ08Dx/EA0Ce1TNg6aTr+Apu696IZ5BiXcyyelSMaPnxu6cSdCcg==}
    peerDependencies:
      '@pixi/core': 7.3.1
      '@pixi/display': 7.3.1
    dependencies:
      '@pixi/core': 7.3.1
      '@pixi/display': 7.3.1_@pixi+core@7.3.1
    dev: false

  /@pixi/particle-container/7.3.1_o3bchlhf3zlj4wu7fmubmyavpm:
    resolution: {integrity: sha512-NNJph+0eZwqdrPTaxOTv7KhVjvBRi5Edrduv8orDKYcF47gOvlCzzQbKR1hvXDMkzWou18eQwO/OH/NIgQBgFA==}
    peerDependencies:
      '@pixi/core': 7.3.1
      '@pixi/display': 7.3.1
      '@pixi/sprite': 7.3.1
    dependencies:
      '@pixi/core': 7.3.1
      '@pixi/display': 7.3.1_@pixi+core@7.3.1
      '@pixi/sprite': 7.3.1_m3nymbnq5s6svjlvjesf6bbkly
    dev: false

  /@pixi/prepare/7.3.1_gjyfcox6q45emgtblsksigd52y:
    resolution: {integrity: sha512-8dCgtUWcOotD+Y649luzOUiReoSwc2WbT1DQcq9w47BvnbDrBzZQ5KxsIUqHXW70IcT+hShqHxt6KZavCHqdMQ==}
    peerDependencies:
      '@pixi/core': 7.3.1
      '@pixi/display': 7.3.1
      '@pixi/graphics': 7.3.1
      '@pixi/text': 7.3.1
    dependencies:
      '@pixi/core': 7.3.1
      '@pixi/display': 7.3.1_@pixi+core@7.3.1
      '@pixi/graphics': 7.3.1_o3bchlhf3zlj4wu7fmubmyavpm
      '@pixi/text': 7.3.1_dadnwelyfowkqnlusyib3ukzka
    dev: false

  /@pixi/runner/7.3.1:
    resolution: {integrity: sha512-N0mQCSwX9jmG63ALy85b0fLXXFu8XS9jUnzhz7T6cA3gGtAtVHBhc5Vh5ZJfFB/FhCQmeTg48PEL6t2Ea3Ogjg==}
    dev: false

  /@pixi/settings/7.3.1:
    resolution: {integrity: sha512-bC2MdSW7Jg1vT4tUy0zvlottuylGhsHfuy22ZEvQHiwk9dy0y8gC7H98my8bMjnUQNWFpfamhmVGxoMM/K95FQ==}
    dependencies:
      '@pixi/constants': 7.3.1
      '@types/css-font-loading-module': 0.0.7
      ismobilejs: 1.1.1
    dev: false

  /@pixi/sprite-animated/7.3.1_dadnwelyfowkqnlusyib3ukzka:
    resolution: {integrity: sha512-adAs9ZRss6ioaGqmSYvjR2b+rfaC+hPwqNGyA1TwqKmgxS5c5pSPMWgiNYRRKPS7qss5T0KOWjfcHxdBHM62mg==}
    peerDependencies:
      '@pixi/core': 7.3.1
      '@pixi/sprite': 7.3.1
    dependencies:
      '@pixi/core': 7.3.1
      '@pixi/sprite': 7.3.1_m3nymbnq5s6svjlvjesf6bbkly
    dev: false

  /@pixi/sprite-tiling/7.3.1_o3bchlhf3zlj4wu7fmubmyavpm:
    resolution: {integrity: sha512-/A739b3TNncoAOqrJcy8wKa2O/aa17luAvMUrYOO3ZLsj0lqIj3lMCjNqlBsfftctAwQlmc6dM8radyeyzIsNQ==}
    peerDependencies:
      '@pixi/core': 7.3.1
      '@pixi/display': 7.3.1
      '@pixi/sprite': 7.3.1
    dependencies:
      '@pixi/core': 7.3.1
      '@pixi/display': 7.3.1_@pixi+core@7.3.1
      '@pixi/sprite': 7.3.1_m3nymbnq5s6svjlvjesf6bbkly
    dev: false

  /@pixi/sprite/7.3.1_m3nymbnq5s6svjlvjesf6bbkly:
    resolution: {integrity: sha512-hSyrzcrNpGiDwc5BVnCfCMkA2Ikx+RBIXyi/Q9K6L0I2gZR8iHUWiQUJKC4jnhDVvvVcQADqiAyIBslXYQLLDw==}
    peerDependencies:
      '@pixi/core': 7.3.1
      '@pixi/display': 7.3.1
    dependencies:
      '@pixi/core': 7.3.1
      '@pixi/display': 7.3.1_@pixi+core@7.3.1
    dev: false

  /@pixi/spritesheet/7.3.1_deizawnztdapnxqkkp65xnb35i:
    resolution: {integrity: sha512-wsCTmUnQSUp+BMrDcGERzvqdoRImNqUNXV2mj+HZyfN2ZN/kyqCxwdWhq2TrbZiAOW6PsASn8516Cei7ECJp7w==}
    peerDependencies:
      '@pixi/assets': 7.3.1
      '@pixi/core': 7.3.1
    dependencies:
      '@pixi/assets': 7.3.1_jfubfe33ayfzb226d4dyfxpate
      '@pixi/core': 7.3.1
    dev: false

  /@pixi/text-bitmap/7.3.1_5py3qfg3tk6iy7cqjwxnfwsztm:
    resolution: {integrity: sha512-sc/eoV/OOJh81/GKqIXfuUexQ0EbP2ggPvGQghaC/VyUbOAwlSMUmNmXlY68KzPX9JasIDCFyv07Utnkmona7g==}
    peerDependencies:
      '@pixi/assets': 7.3.1
      '@pixi/core': 7.3.1
      '@pixi/display': 7.3.1
      '@pixi/mesh': 7.3.1
      '@pixi/text': 7.3.1
    dependencies:
      '@pixi/assets': 7.3.1_jfubfe33ayfzb226d4dyfxpate
      '@pixi/core': 7.3.1
      '@pixi/display': 7.3.1_@pixi+core@7.3.1
      '@pixi/mesh': 7.3.1_m3nymbnq5s6svjlvjesf6bbkly
      '@pixi/text': 7.3.1_dadnwelyfowkqnlusyib3ukzka
    dev: false

  /@pixi/text-html/7.3.1_3crb6n5ul2chweohiscnh36qpa:
    resolution: {integrity: sha512-Yo96c/fM7eSUdovZInTl/LkI44y2s2vfdkpnPjHU6ohIFJ4cAf4ok2CjBpAMExvJG8f4lvTkDRqECuRUD0DUnA==}
    peerDependencies:
      '@pixi/core': 7.3.1
      '@pixi/display': 7.3.1
      '@pixi/sprite': 7.3.1
      '@pixi/text': 7.3.1
    dependencies:
      '@pixi/core': 7.3.1
      '@pixi/display': 7.3.1_@pixi+core@7.3.1
      '@pixi/sprite': 7.3.1_m3nymbnq5s6svjlvjesf6bbkly
      '@pixi/text': 7.3.1_dadnwelyfowkqnlusyib3ukzka
    dev: false

  /@pixi/text/7.3.1_dadnwelyfowkqnlusyib3ukzka:
    resolution: {integrity: sha512-73KB83+fZSww2LXXofJHLgOuNwk/8h0hir5shL8vdae8bgupv4VAw9wOG15WeSZdXoa7fU1owWyDM3RWLTmv+Q==}
    peerDependencies:
      '@pixi/core': 7.3.1
      '@pixi/sprite': 7.3.1
    dependencies:
      '@pixi/core': 7.3.1
      '@pixi/sprite': 7.3.1_m3nymbnq5s6svjlvjesf6bbkly
    dev: false

  /@pixi/ticker/7.3.1:
    resolution: {integrity: sha512-S4ur5MQgVM0yTeJVALbRA3WkX/df/6DG6XXVoR9JaFOQ3zgXhh05O+0NFFebj4b3Ls3/y5aG6aOkkoBl1AXrCw==}
    dependencies:
      '@pixi/extensions': 7.3.1
      '@pixi/settings': 7.3.1
      '@pixi/utils': 7.3.1
    dev: false

  /@pixi/utils/7.3.1:
    resolution: {integrity: sha512-VSWebpMwOfoVuzjd0XlntmQK0RXP1UuRx1jyRuq0m/9VNnnNsZMXpmi47Adb7N1RFmlQ2FFxDxLzxmCzm9ZfTA==}
    dependencies:
      '@pixi/color': 7.3.1
      '@pixi/constants': 7.3.1
      '@pixi/settings': 7.3.1
      '@types/earcut': 2.1.3
      earcut: 2.2.4
      eventemitter3: 4.0.7
      url: 0.11.3
    dev: false

  /@types/css-font-loading-module/0.0.7:
    resolution: {integrity: sha512-nl09VhutdjINdWyXxHWN/w9zlNCfr60JUqJbd24YXUuCwgeL0TpFSdElCwb6cxfB6ybE19Gjj4g0jsgkXxKv1Q==}
    dev: false

  /@types/earcut/2.1.3:
    resolution: {integrity: sha512-pskpibEbm73+7nA9RqxGEnAiALRO92DdoSVxasyjGrqzEndaSDjFG73GCtstMzhdOowZMItVw2fhTdxVrY221w==}
    dev: false

  /@types/node/18.18.6:
    resolution: {integrity: sha512-wf3Vz+jCmOQ2HV1YUJuCWdL64adYxumkrxtc+H1VUQlnQI04+5HtH+qZCOE21lBE7gIrt+CwX2Wv8Acrw5Ak6w==}
    dev: true

  /@types/offscreencanvas/2019.7.2:
    resolution: {integrity: sha512-ujCjOxeA07IbEBQYAkoOI+XFw5sT3nhWJ/xZfPR6reJppDG7iPQPZacQiLTtWH1b3a2NYXWlxvYqa40y/LAixQ==}
    dev: false

  /call-bind/1.0.2:
    resolution: {integrity: sha512-7O+FbCihrB5WGbFYesctwmTKae6rOiIzmz1icreWJ+0aA7LJfuqhEso2T9ncpcFtzMQtzXf2QGGueWJGTYsqrA==}
    dependencies:
      function-bind: 1.1.2
      get-intrinsic: 1.2.1
    dev: false

  /earcut/2.2.4:
    resolution: {integrity: sha512-/pjZsA1b4RPHbeWZQn66SWS8nZZWLQQ23oE3Eam7aroEFGEvwKAsJfZ9ytiEMycfzXWpca4FA9QIOehf7PocBQ==}
    dev: false

  /esbuild-android-64/0.15.18:
    resolution: {integrity: sha512-wnpt3OXRhcjfIDSZu9bnzT4/TNTDsOUvip0foZOUBG7QbSt//w3QV4FInVJxNhKc/ErhUxc5z4QjHtMi7/TbgA==}
    engines: {node: '>=12'}
    cpu: [x64]
    os: [android]
    requiresBuild: true
    dev: true
    optional: true

  /esbuild-android-arm64/0.15.18:
    resolution: {integrity: sha512-G4xu89B8FCzav9XU8EjsXacCKSG2FT7wW9J6hOc18soEHJdtWu03L3TQDGf0geNxfLTtxENKBzMSq9LlbjS8OQ==}
    engines: {node: '>=12'}
    cpu: [arm64]
    os: [android]
    requiresBuild: true
    dev: true
    optional: true

  /esbuild-darwin-64/0.15.18:
    resolution: {integrity: sha512-2WAvs95uPnVJPuYKP0Eqx+Dl/jaYseZEUUT1sjg97TJa4oBtbAKnPnl3b5M9l51/nbx7+QAEtuummJZW0sBEmg==}
    engines: {node: '>=12'}
    cpu: [x64]
    os: [darwin]
    requiresBuild: true
    dev: true
    optional: true

  /esbuild-darwin-arm64/0.15.18:
    resolution: {integrity: sha512-tKPSxcTJ5OmNb1btVikATJ8NftlyNlc8BVNtyT/UAr62JFOhwHlnoPrhYWz09akBLHI9nElFVfWSTSRsrZiDUA==}
    engines: {node: '>=12'}
    cpu: [arm64]
    os: [darwin]
    requiresBuild: true
    dev: true
    optional: true

  /esbuild-freebsd-64/0.15.18:
    resolution: {integrity: sha512-TT3uBUxkteAjR1QbsmvSsjpKjOX6UkCstr8nMr+q7zi3NuZ1oIpa8U41Y8I8dJH2fJgdC3Dj3CXO5biLQpfdZA==}
    engines: {node: '>=12'}
    cpu: [x64]
    os: [freebsd]
    requiresBuild: true
    dev: true
    optional: true

  /esbuild-freebsd-arm64/0.15.18:
    resolution: {integrity: sha512-R/oVr+X3Tkh+S0+tL41wRMbdWtpWB8hEAMsOXDumSSa6qJR89U0S/PpLXrGF7Wk/JykfpWNokERUpCeHDl47wA==}
    engines: {node: '>=12'}
    cpu: [arm64]
    os: [freebsd]
    requiresBuild: true
    dev: true
    optional: true

  /esbuild-linux-32/0.15.18:
    resolution: {integrity: sha512-lphF3HiCSYtaa9p1DtXndiQEeQDKPl9eN/XNoBf2amEghugNuqXNZA/ZovthNE2aa4EN43WroO0B85xVSjYkbg==}
    engines: {node: '>=12'}
    cpu: [ia32]
    os: [linux]
    requiresBuild: true
    dev: true
    optional: true

  /esbuild-linux-64/0.15.18:
    resolution: {integrity: sha512-hNSeP97IviD7oxLKFuii5sDPJ+QHeiFTFLoLm7NZQligur8poNOWGIgpQ7Qf8Balb69hptMZzyOBIPtY09GZYw==}
    engines: {node: '>=12'}
    cpu: [x64]
    os: [linux]
    requiresBuild: true
    dev: true
    optional: true

  /esbuild-linux-arm/0.15.18:
    resolution: {integrity: sha512-UH779gstRblS4aoS2qpMl3wjg7U0j+ygu3GjIeTonCcN79ZvpPee12Qun3vcdxX+37O5LFxz39XeW2I9bybMVA==}
    engines: {node: '>=12'}
    cpu: [arm]
    os: [linux]
    requiresBuild: true
    dev: true
    optional: true

  /esbuild-linux-arm64/0.15.18:
    resolution: {integrity: sha512-54qr8kg/6ilcxd+0V3h9rjT4qmjc0CccMVWrjOEM/pEcUzt8X62HfBSeZfT2ECpM7104mk4yfQXkosY8Quptug==}
    engines: {node: '>=12'}
    cpu: [arm64]
    os: [linux]
    requiresBuild: true
    dev: true
    optional: true

  /esbuild-linux-mips64le/0.15.18:
    resolution: {integrity: sha512-Mk6Ppwzzz3YbMl/ZZL2P0q1tnYqh/trYZ1VfNP47C31yT0K8t9s7Z077QrDA/guU60tGNp2GOwCQnp+DYv7bxQ==}
    engines: {node: '>=12'}
    cpu: [mips64el]
    os: [linux]
    requiresBuild: true
    dev: true
    optional: true

  /esbuild-linux-ppc64le/0.15.18:
    resolution: {integrity: sha512-b0XkN4pL9WUulPTa/VKHx2wLCgvIAbgwABGnKMY19WhKZPT+8BxhZdqz6EgkqCLld7X5qiCY2F/bfpUUlnFZ9w==}
    engines: {node: '>=12'}
    cpu: [ppc64]
    os: [linux]
    requiresBuild: true
    dev: true
    optional: true

  /esbuild-linux-riscv64/0.15.18:
    resolution: {integrity: sha512-ba2COaoF5wL6VLZWn04k+ACZjZ6NYniMSQStodFKH/Pu6RxzQqzsmjR1t9QC89VYJxBeyVPTaHuBMCejl3O/xg==}
    engines: {node: '>=12'}
    cpu: [riscv64]
    os: [linux]
    requiresBuild: true
    dev: true
    optional: true

  /esbuild-linux-s390x/0.15.18:
    resolution: {integrity: sha512-VbpGuXEl5FCs1wDVp93O8UIzl3ZrglgnSQ+Hu79g7hZu6te6/YHgVJxCM2SqfIila0J3k0csfnf8VD2W7u2kzQ==}
    engines: {node: '>=12'}
    cpu: [s390x]
    os: [linux]
    requiresBuild: true
    dev: true
    optional: true

  /esbuild-netbsd-64/0.15.18:
    resolution: {integrity: sha512-98ukeCdvdX7wr1vUYQzKo4kQ0N2p27H7I11maINv73fVEXt2kyh4K4m9f35U1K43Xc2QGXlzAw0K9yoU7JUjOg==}
    engines: {node: '>=12'}
    cpu: [x64]
    os: [netbsd]
    requiresBuild: true
    dev: true
    optional: true

  /esbuild-openbsd-64/0.15.18:
    resolution: {integrity: sha512-yK5NCcH31Uae076AyQAXeJzt/vxIo9+omZRKj1pauhk3ITuADzuOx5N2fdHrAKPxN+zH3w96uFKlY7yIn490xQ==}
    engines: {node: '>=12'}
    cpu: [x64]
    os: [openbsd]
    requiresBuild: true
    dev: true
    optional: true

  /esbuild-sunos-64/0.15.18:
    resolution: {integrity: sha512-On22LLFlBeLNj/YF3FT+cXcyKPEI263nflYlAhz5crxtp3yRG1Ugfr7ITyxmCmjm4vbN/dGrb/B7w7U8yJR9yw==}
    engines: {node: '>=12'}
    cpu: [x64]
    os: [sunos]
    requiresBuild: true
    dev: true
    optional: true

  /esbuild-windows-32/0.15.18:
    resolution: {integrity: sha512-o+eyLu2MjVny/nt+E0uPnBxYuJHBvho8vWsC2lV61A7wwTWC3jkN2w36jtA+yv1UgYkHRihPuQsL23hsCYGcOQ==}
    engines: {node: '>=12'}
    cpu: [ia32]
    os: [win32]
    requiresBuild: true
    dev: true
    optional: true

  /esbuild-windows-64/0.15.18:
    resolution: {integrity: sha512-qinug1iTTaIIrCorAUjR0fcBk24fjzEedFYhhispP8Oc7SFvs+XeW3YpAKiKp8dRpizl4YYAhxMjlftAMJiaUw==}
    engines: {node: '>=12'}
    cpu: [x64]
    os: [win32]
    requiresBuild: true
    dev: true
    optional: true

  /esbuild-windows-arm64/0.15.18:
    resolution: {integrity: sha512-q9bsYzegpZcLziq0zgUi5KqGVtfhjxGbnksaBFYmWLxeV/S1fK4OLdq2DFYnXcLMjlZw2L0jLsk1eGoB522WXQ==}
    engines: {node: '>=12'}
    cpu: [arm64]
    os: [win32]
    requiresBuild: true
    dev: true
    optional: true

  /esbuild/0.15.18:
    resolution: {integrity: sha512-x/R72SmW3sSFRm5zrrIjAhCeQSAWoni3CmHEqfQrZIQTM3lVCdehdwuIqaOtfC2slvpdlLa62GYoN8SxT23m6Q==}
    engines: {node: '>=12'}
    hasBin: true
    requiresBuild: true
    optionalDependencies:
      '@esbuild/android-arm': 0.15.18
      '@esbuild/linux-loong64': 0.15.18
      esbuild-android-64: 0.15.18
      esbuild-android-arm64: 0.15.18
      esbuild-darwin-64: 0.15.18
      esbuild-darwin-arm64: 0.15.18
      esbuild-freebsd-64: 0.15.18
      esbuild-freebsd-arm64: 0.15.18
      esbuild-linux-32: 0.15.18
      esbuild-linux-64: 0.15.18
      esbuild-linux-arm: 0.15.18
      esbuild-linux-arm64: 0.15.18
      esbuild-linux-mips64le: 0.15.18
      esbuild-linux-ppc64le: 0.15.18
      esbuild-linux-riscv64: 0.15.18
      esbuild-linux-s390x: 0.15.18
      esbuild-netbsd-64: 0.15.18
      esbuild-openbsd-64: 0.15.18
      esbuild-sunos-64: 0.15.18
      esbuild-windows-32: 0.15.18
      esbuild-windows-64: 0.15.18
      esbuild-windows-arm64: 0.15.18
    dev: true

  /eventemitter3/4.0.7:
    resolution: {integrity: sha512-8guHBZCwKnFhYdHr2ysuRWErTwhoN2X8XELRlrRwpmfeY2jjuUN4taQMsULKUVo1K4DvZl+0pgfyoysHxvmvEw==}
    dev: false

  /fsevents/2.3.3:
    resolution: {integrity: sha512-5xoDfX+fL7faATnagmWPpbFtwh/R77WmMMqqHGS65C3vvB0YHrgF+B1YmZ3441tMj5n63k0212XNoJwzlhffQw==}
    engines: {node: ^8.16.0 || ^10.6.0 || >=11.0.0}
    os: [darwin]
    requiresBuild: true
    dev: true
    optional: true

  /function-bind/1.1.2:
    resolution: {integrity: sha512-7XHNxH7qX9xG5mIwxkhumTox/MIRNcOgDrxWsMt2pAr23WHp6MrRlN7FBSFpCpr+oVO0F744iUgR82nJMfG2SA==}
    dev: false

  /get-intrinsic/1.2.1:
    resolution: {integrity: sha512-2DcsyfABl+gVHEfCOaTrWgyt+tb6MSEGmKq+kI5HwLbIYgjgmMcV8KQ41uaKz1xxUcn9tJtgFbQUEVcEbd0FYw==}
    dependencies:
      function-bind: 1.1.2
      has: 1.0.4
      has-proto: 1.0.1
      has-symbols: 1.0.3
    dev: false

  /has-proto/1.0.1:
    resolution: {integrity: sha512-7qE+iP+O+bgF9clE5+UoBFzE65mlBiVj3tKCrlNQ0Ogwm0BjpT/gK4SlLYDMybDh5I3TCTKnPPa0oMG7JDYrhg==}
    engines: {node: '>= 0.4'}
    dev: false

  /has-symbols/1.0.3:
    resolution: {integrity: sha512-l3LCuF6MgDNwTDKkdYGEihYjt5pRPbEg46rtlmnSPlUbgmB8LOIrKJbYYFBSbnPaJexMKtiPO8hmeRjRz2Td+A==}
    engines: {node: '>= 0.4'}
    dev: false

  /has/1.0.4:
    resolution: {integrity: sha512-qdSAmqLF6209RFj4VVItywPMbm3vWylknmB3nvNiUIs72xAimcM8nVYxYr7ncvZq5qzk9MKIZR8ijqD/1QuYjQ==}
    engines: {node: '>= 0.4.0'}

  /is-core-module/2.13.0:
    resolution: {integrity: sha512-Z7dk6Qo8pOCp3l4tsX2C5ZVas4V+UxwQodwZhLopL91TX8UyyHEXafPcyoeeWuLrwzHcr3igO78wNLwHJHsMCQ==}
    dependencies:
      has: 1.0.4
    dev: true

  /ismobilejs/1.1.1:
    resolution: {integrity: sha512-VaFW53yt8QO61k2WJui0dHf4SlL8lxBofUuUmwBo0ljPk0Drz2TiuDW4jo3wDcv41qy/SxrJ+VAzJ/qYqsmzRw==}
    dev: false

  /nanoid/3.3.6:
    resolution: {integrity: sha512-BGcqMMJuToF7i1rt+2PWSNVnWIkGCU78jBG3RxO/bZlnZPK2Cmi2QaffxGO/2RvWi9sL+FAiRiXMgsyxQ1DIDA==}
    engines: {node: ^10 || ^12 || ^13.7 || ^14 || >=15.0.1}
    hasBin: true
    dev: true

  /object-inspect/1.13.0:
    resolution: {integrity: sha512-HQ4J+ic8hKrgIt3mqk6cVOVrW2ozL4KdvHlqpBv9vDYWx9ysAgENAdvy4FoGF+KFdhR7nQTNm5J0ctAeOwn+3g==}
    dev: false

  /path-parse/1.0.7:
    resolution: {integrity: sha512-LDJzPVEEEPR+y48z93A0Ed0yXb8pAByGWo/k5YYdYgpY2/2EsOsksJrq7lOHxryrVOn1ejG6oAp8ahvOIQD8sw==}
    dev: true

  /picocolors/1.0.0:
    resolution: {integrity: sha512-1fygroTLlHu66zi26VoTDv8yRgm0Fccecssto+MhsZ0D/DGW2sm8E8AjW7NU5VVTRt5GxbeZ5qBuJr+HyLYkjQ==}
    dev: true

  /pixi.js/7.3.1_@pixi+utils@7.3.1:
    resolution: {integrity: sha512-BFuEOsNimxjLq/Bo16JiXBr/EKXp13z/NXdyMasRcZumCHDUdrKvTEFaUfrkFat6ZghgrWyHnREzK3b+F6OX0Q==}
    dependencies:
      '@pixi/accessibility': 7.3.1_ivgxrhc2dtnrwdtikyiba2er3q
      '@pixi/app': 7.3.1_m3nymbnq5s6svjlvjesf6bbkly
      '@pixi/assets': 7.3.1_jfubfe33ayfzb226d4dyfxpate
      '@pixi/compressed-textures': 7.3.1_deizawnztdapnxqkkp65xnb35i
      '@pixi/core': 7.3.1
      '@pixi/display': 7.3.1_@pixi+core@7.3.1
      '@pixi/events': 7.3.1_m3nymbnq5s6svjlvjesf6bbkly
      '@pixi/extensions': 7.3.1
      '@pixi/extract': 7.3.1_@pixi+core@7.3.1
      '@pixi/filter-alpha': 7.3.1_@pixi+core@7.3.1
      '@pixi/filter-blur': 7.3.1_@pixi+core@7.3.1
      '@pixi/filter-color-matrix': 7.3.1_@pixi+core@7.3.1
      '@pixi/filter-displacement': 7.3.1_@pixi+core@7.3.1
      '@pixi/filter-fxaa': 7.3.1_@pixi+core@7.3.1
      '@pixi/filter-noise': 7.3.1_@pixi+core@7.3.1
      '@pixi/graphics': 7.3.1_o3bchlhf3zlj4wu7fmubmyavpm
      '@pixi/mesh': 7.3.1_m3nymbnq5s6svjlvjesf6bbkly
      '@pixi/mesh-extras': 7.3.1_2pdp7tpjjkn7cxpcufwxcaaxhu
      '@pixi/mixin-cache-as-bitmap': 7.3.1_o3bchlhf3zlj4wu7fmubmyavpm
      '@pixi/mixin-get-child-by-name': 7.3.1_@pixi+display@7.3.1
      '@pixi/mixin-get-global-position': 7.3.1_m3nymbnq5s6svjlvjesf6bbkly
      '@pixi/particle-container': 7.3.1_o3bchlhf3zlj4wu7fmubmyavpm
      '@pixi/prepare': 7.3.1_gjyfcox6q45emgtblsksigd52y
      '@pixi/sprite': 7.3.1_m3nymbnq5s6svjlvjesf6bbkly
      '@pixi/sprite-animated': 7.3.1_dadnwelyfowkqnlusyib3ukzka
      '@pixi/sprite-tiling': 7.3.1_o3bchlhf3zlj4wu7fmubmyavpm
      '@pixi/spritesheet': 7.3.1_deizawnztdapnxqkkp65xnb35i
      '@pixi/text': 7.3.1_dadnwelyfowkqnlusyib3ukzka
      '@pixi/text-bitmap': 7.3.1_5py3qfg3tk6iy7cqjwxnfwsztm
      '@pixi/text-html': 7.3.1_3crb6n5ul2chweohiscnh36qpa
    transitivePeerDependencies:
      - '@pixi/utils'
    dev: false

  /postcss/8.4.31:
    resolution: {integrity: sha512-PS08Iboia9mts/2ygV3eLpY5ghnUcfLV/EXTOW1E2qYxJKGGBUtNjN76FYHnMs36RmARn41bC0AZmn+rR0OVpQ==}
    engines: {node: ^10 || ^12 || >=14}
    dependencies:
      nanoid: 3.3.6
      picocolors: 1.0.0
      source-map-js: 1.0.2
    dev: true

  /punycode/1.4.1:
    resolution: {integrity: sha512-jmYNElW7yvO7TV33CjSmvSiE2yco3bV2czu/OzDKdMNVZQWfxCblURLhf+47syQRBntjfLdd/H0egrzIG+oaFQ==}
    dev: false

  /qs/6.11.2:
    resolution: {integrity: sha512-tDNIz22aBzCDxLtVH++VnTfzxlfeK5CbqohpSqpJgj1Wg/cQbStNAz3NuqCs5vV+pjBsK4x4pN9HlVh7rcYRiA==}
    engines: {node: '>=0.6'}
    dependencies:
      side-channel: 1.0.4
    dev: false

  /resolve/1.22.8:
    resolution: {integrity: sha512-oKWePCxqpd6FlLvGV1VU0x7bkPmmCNolxzjMf4NczoDnQcIWrAF+cPtZn5i6n+RfD2d9i0tzpKnG6Yk168yIyw==}
    hasBin: true
    dependencies:
      is-core-module: 2.13.0
      path-parse: 1.0.7
      supports-preserve-symlinks-flag: 1.0.0
    dev: true

  /rollup/2.79.1:
    resolution: {integrity: sha512-uKxbd0IhMZOhjAiD5oAFp7BqvkA4Dv47qpOCtaNvng4HBwdbWtdOh8f5nZNuk2rp51PMGk3bzfWu5oayNEuYnw==}
    engines: {node: '>=10.0.0'}
    hasBin: true
    optionalDependencies:
      fsevents: 2.3.3
    dev: true

  /side-channel/1.0.4:
    resolution: {integrity: sha512-q5XPytqFEIKHkGdiMIrY10mvLRvnQh42/+GoBlFW3b2LXLE2xxJpZFdm94we0BaoV3RwJyGqg5wS7epxTv0Zvw==}
    dependencies:
      call-bind: 1.0.2
      get-intrinsic: 1.2.1
      object-inspect: 1.13.0
    dev: false

  /source-map-js/1.0.2:
    resolution: {integrity: sha512-R0XvVJ9WusLiqTCEiGCmICCMplcCkIwwR11mOSD9CR5u+IXYdiseeEuXCVAjS54zqwkLcPNnmU4OeJ6tUrWhDw==}
    engines: {node: '>=0.10.0'}
    dev: true

  /supports-preserve-symlinks-flag/1.0.0:
    resolution: {integrity: sha512-ot0WnXS9fgdkgIcePe6RHNk1WA8+muPa6cSjeR3V8K27q9BB1rTE3R1p7Hv0z1ZyAc8s6Vvv8DIyWf681MAt0w==}
    engines: {node: '>= 0.4'}
    dev: true

  /typescript/4.9.5:
    resolution: {integrity: sha512-1FXk9E2Hm+QzZQ7z+McJiHL4NW1F2EzMu9Nq9i3zAaGqibafqYwCVU6WyWAuyQRRzOlxou8xZSyXLEN8oKj24g==}
    engines: {node: '>=4.2.0'}
    hasBin: true
    dev: true

  /url/0.11.3:
    resolution: {integrity: sha512-6hxOLGfZASQK/cijlZnZJTq8OXAkt/3YGfQX45vvMYXpZoo8NdWZcY73K108Jf759lS1Bv/8wXnHDTSz17dSRw==}
    dependencies:
      punycode: 1.4.1
      qs: 6.11.2
    dev: false

  /vite/3.2.7_@types+node@18.18.6:
    resolution: {integrity: sha512-29pdXjk49xAP0QBr0xXqu2s5jiQIXNvE/xwd0vUizYT2Hzqe4BksNNoWllFVXJf4eLZ+UlVQmXfB4lWrc+t18g==}
    engines: {node: ^14.18.0 || >=16.0.0}
    hasBin: true
    peerDependencies:
      '@types/node': '>= 14'
      less: '*'
      sass: '*'
      stylus: '*'
      sugarss: '*'
      terser: ^5.4.0
    peerDependenciesMeta:
      '@types/node':
        optional: true
      less:
        optional: true
      sass:
        optional: true
      stylus:
        optional: true
      sugarss:
        optional: true
      terser:
        optional: true
    dependencies:
      '@types/node': 18.18.6
      esbuild: 0.15.18
      postcss: 8.4.31
      resolve: 1.22.8
      rollup: 2.79.1
    optionalDependencies:
      fsevents: 2.3.3
    dev: true
