lockfileVersion: '6.0'

dependencies:
  '@pixi/utils':
    specifier: 7.3.2
    version: 7.3.2
  pixi-viewport:
    specifier: ^5.0.2
    version: 5.0.2
  pixi.js:
    specifier: ^7.2.4
    version: 7.3.2(@pixi/utils@7.3.2)

devDependencies:
  '@types/node':
    specifier: ^18.7.15
    version: 18.18.6
  typescript:
    specifier: ^4.6.4
    version: 4.9.5
  vite:
    specifier: ^3.1.0
    version: 3.2.7(@types/node@18.18.6)

packages:

  /@esbuild/android-arm@0.15.18:
    resolution: {integrity: sha512-5GT+kcs2WVGjVs7+boataCkO5Fg0y4kCjzkB5bAip7H4jfnOS3dA6KPiww9W1OEKTKeAcUVhdZGvgI65OXmUnw==}
    engines: {node: '>=12'}
    cpu: [arm]
    os: [android]
    requiresBuild: true
    dev: true
    optional: true

  /@esbuild/linux-loong64@0.15.18:
    resolution: {integrity: sha512-L4jVKS82XVhw2nvzLg/19ClLWg0y27ulRwuP7lcyL6AbUWB5aPglXY3M21mauDQMDfRLs8cQmeT03r/+X3cZYQ==}
    engines: {node: '>=12'}
    cpu: [loong64]
    os: [linux]
    requiresBuild: true
    dev: true
    optional: true

  /@pixi/accessibility@7.3.2(@pixi/core@7.3.2)(@pixi/display@7.3.2)(@pixi/events@7.3.2):
    resolution: {integrity: sha512-MdkU22HTauRvq9cMeWZIQGaDDa86sr+m12rKNdLV+FaDQgP/AhP+qCVpK7IKeJa9BrWGXaYMw/vueij7HkyDSA==}
    peerDependencies:
      '@pixi/core': 7.3.2
      '@pixi/display': 7.3.2
      '@pixi/events': 7.3.2
    dependencies:
      '@pixi/core': 7.3.2
      '@pixi/display': 7.3.2(@pixi/core@7.3.2)
      '@pixi/events': 7.3.2(@pixi/core@7.3.2)(@pixi/display@7.3.2)
    dev: false

  /@pixi/app@7.3.2(@pixi/core@7.3.2)(@pixi/display@7.3.2):
    resolution: {integrity: sha512-3YRFSMvAxDebAz3/JJv+2jzbPkT8cHC0IHmmLRN8krDL1pZV+YjMLgMwN/Oeyv5TSbwNqnrF5su5whNkRaxeZQ==}
    peerDependencies:
      '@pixi/core': 7.3.2
      '@pixi/display': 7.3.2
    dependencies:
      '@pixi/core': 7.3.2
      '@pixi/display': 7.3.2(@pixi/core@7.3.2)
    dev: false

  /@pixi/assets@7.3.2(@pixi/core@7.3.2)(@pixi/utils@7.3.2):
    resolution: {integrity: sha512-yteq6ptAxA09EcwU9D9hl7qr5yWIqy+c2PsXkTDkc76vTAwIamLY3KxLq2aR5y1U4L4O6aHFJd26uNhHcuTPmw==}
    peerDependencies:
      '@pixi/core': 7.3.2
      '@pixi/utils': 7.3.2
    dependencies:
      '@pixi/core': 7.3.2
      '@pixi/utils': 7.3.2
      '@types/css-font-loading-module': 0.0.7
    dev: false

  /@pixi/color@7.3.2:
    resolution: {integrity: sha512-jur5PvdOtUBEUTjmPudW5qdQq6yYGlVGsi3HyhasJw14bN+GKJwiCKgIsyrsiNL5HBUXmje4ICwQohf6BqKqxA==}
    dependencies:
      '@pixi/colord': 2.9.6
    dev: false

  /@pixi/colord@2.9.6:
    resolution: {integrity: sha512-nezytU2pw587fQstUu1AsJZDVEynjskwOL+kibwcdxsMBFqPsFFNA7xl0ii/gXuDi6M0xj3mfRJj8pBSc2jCfA==}
    dev: false

  /@pixi/compressed-textures@7.3.2(@pixi/assets@7.3.2)(@pixi/core@7.3.2):
    resolution: {integrity: sha512-J3ENMHDPQO6CJRei55gqI0WmiZJIK6SgsW5AEkShT0aAe5miEBSomv70pXw/58ru+4/Hx8cXjamsGt4aQB2D0Q==}
    peerDependencies:
      '@pixi/assets': 7.3.2
      '@pixi/core': 7.3.2
    dependencies:
      '@pixi/assets': 7.3.2(@pixi/core@7.3.2)(@pixi/utils@7.3.2)
      '@pixi/core': 7.3.2
    dev: false

  /@pixi/constants@7.3.2:
    resolution: {integrity: sha512-Q8W3ncsFxmfgC5EtokpG92qJZabd+Dl+pbQAdHwiPY3v+8UNq77u4VN2qtl1Z04864hCcg7AStIYEDrzqTLF6Q==}
    dev: false

  /@pixi/core@7.3.2:
    resolution: {integrity: sha512-Pta3ee8MtJ3yKxGXzglBWgwbEOKMB6Eth+FpLTjL0rgxiqTB550YX6jsNEQQAzcGjCBlO3rC/IF57UZ2go/X6w==}
    dependencies:
      '@pixi/color': 7.3.2
      '@pixi/constants': 7.3.2
      '@pixi/extensions': 7.3.2
      '@pixi/math': 7.3.2
      '@pixi/runner': 7.3.2
      '@pixi/settings': 7.3.2
      '@pixi/ticker': 7.3.2
      '@pixi/utils': 7.3.2
      '@types/offscreencanvas': 2019.7.2
    dev: false

  /@pixi/display@7.3.2(@pixi/core@7.3.2):
    resolution: {integrity: sha512-cY5AnZ3TWt5GYGx4e5AQ2/2U9kP+RorBg/O30amJ+8e9bFk9rS8cjh/DDq/hc4lql96BkXAInTl40eHnAML5lQ==}
    peerDependencies:
      '@pixi/core': 7.3.2
    dependencies:
      '@pixi/core': 7.3.2
    dev: false

  /@pixi/events@7.3.2(@pixi/core@7.3.2)(@pixi/display@7.3.2):
    resolution: {integrity: sha512-Moca9epu8jk1wIQCdVYjhz2pD9Ol21m50wvWUKvpgt9yM/AjkCLSDt8HO/PmTpavDrkhx5pVVWeDDA6FyUNaGA==}
    peerDependencies:
      '@pixi/core': 7.3.2
      '@pixi/display': 7.3.2
    dependencies:
      '@pixi/core': 7.3.2
      '@pixi/display': 7.3.2(@pixi/core@7.3.2)
    dev: false

  /@pixi/extensions@7.3.2:
    resolution: {integrity: sha512-Qw84ADfvmVu4Mwj+zTik/IEEK9lWS5n4trbrpQCcEZ+Mb8oRAXWvKz199mi1s7+LaZXDqeCY1yr2PHQaFf1KBA==}
    dev: false

  /@pixi/extract@7.3.2(@pixi/core@7.3.2):
    resolution: {integrity: sha512-KsoflvQZV/XD8A8xbtRnmI4reYekbI4MOi7ilwQe5tMz6O1mO7IzrSukxkSMD02f6SpbAqbi7a1EayTjvY0ECQ==}
    peerDependencies:
      '@pixi/core': 7.3.2
    dependencies:
      '@pixi/core': 7.3.2
    dev: false

  /@pixi/filter-alpha@7.3.2(@pixi/core@7.3.2):
    resolution: {integrity: sha512-nZMdn310wH5ZK1slwv3X4qT8eLoAGO7SgYGCy5IsMtpCtNObzE9XA4tAfhXrjihyzPS9KvszgAbnv1Qpfh0/uw==}
    peerDependencies:
      '@pixi/core': 7.3.2
    dependencies:
      '@pixi/core': 7.3.2
    dev: false

  /@pixi/filter-blur@7.3.2(@pixi/core@7.3.2):
    resolution: {integrity: sha512-unu3zhwHMhN+iAe7Td2rK40i2UJ2GOhzWK+6jcU3ZkMOsFCT5kgBoMRTejeQVcvCs6GoYK8imbkE7mXt05Vj6A==}
    peerDependencies:
      '@pixi/core': 7.3.2
    dependencies:
      '@pixi/core': 7.3.2
    dev: false

  /@pixi/filter-color-matrix@7.3.2(@pixi/core@7.3.2):
    resolution: {integrity: sha512-rbyjes/9SMoV9jjPiK0sLMkmLfN8D17GoTJIfq/KLv1x9646W5fL2QSKkN04UkZ+020ndWvIOxK1S97tvRyCfg==}
    peerDependencies:
      '@pixi/core': 7.3.2
    dependencies:
      '@pixi/core': 7.3.2
    dev: false

  /@pixi/filter-displacement@7.3.2(@pixi/core@7.3.2):
    resolution: {integrity: sha512-ZHl7Sfb8JYd9Z6j96OHCC0NhMKhhXJRE5AbkSDohjEMVCK1BV5rDGAHV8WVt/2MJ/j83CXUpydzyMhdM4lMchg==}
    peerDependencies:
      '@pixi/core': 7.3.2
    dependencies:
      '@pixi/core': 7.3.2
    dev: false

  /@pixi/filter-fxaa@7.3.2(@pixi/core@7.3.2):
    resolution: {integrity: sha512-9brtlxDnQTZk2XiFBKdBK9e+8CX9LdxxcL7LRpjEyiHuAPvTlQgu9B85LrJ4GzWKqJJKaIIZBzhIoiCLUnfeXg==}
    peerDependencies:
      '@pixi/core': 7.3.2
    dependencies:
      '@pixi/core': 7.3.2
    dev: false

  /@pixi/filter-noise@7.3.2(@pixi/core@7.3.2):
    resolution: {integrity: sha512-F8GQQ20n7tCjThX6GCXckiXz2YffOCxicTJ0oat9aVDZh+sVsAxYX0aKSdHh0hhv18F0yuc6tPsSL5DYb63xFg==}
    peerDependencies:
      '@pixi/core': 7.3.2
    dependencies:
      '@pixi/core': 7.3.2
    dev: false

  /@pixi/graphics@7.3.2(@pixi/core@7.3.2)(@pixi/display@7.3.2)(@pixi/sprite@7.3.2):
    resolution: {integrity: sha512-PhU6j1yub4tH/s+/gqByzgZ3mLv1mfb6iGXbquycg3+WypcxHZn0opFtI/axsazaQ9SEaWxw1m3i40WG5ANH5g==}
    peerDependencies:
      '@pixi/core': 7.3.2
      '@pixi/display': 7.3.2
      '@pixi/sprite': 7.3.2
    dependencies:
      '@pixi/core': 7.3.2
      '@pixi/display': 7.3.2(@pixi/core@7.3.2)
      '@pixi/sprite': 7.3.2(@pixi/core@7.3.2)(@pixi/display@7.3.2)
    dev: false

  /@pixi/math@7.3.2:
    resolution: {integrity: sha512-dutoZ0IVJ5ME7UtYNo2szu4D7qsgtJB7e3ylujBVu7BOP2e710BVtFwFSFV768N14h9H5roGnuzVoDiJac2u+w==}
    dev: false

  /@pixi/mesh-extras@7.3.2(@pixi/core@7.3.2)(@pixi/mesh@7.3.2):
    resolution: {integrity: sha512-s/tg9TsTZZxLEdCDKWnBChDGkc041HCTP7ykJv4fEROzb9B0lskULYyvv+/YNNKa2Ugb9WnkMknpOdOXCpjyyg==}
    peerDependencies:
      '@pixi/core': 7.3.2
      '@pixi/mesh': 7.3.2
    dependencies:
      '@pixi/core': 7.3.2
      '@pixi/mesh': 7.3.2(@pixi/core@7.3.2)(@pixi/display@7.3.2)
    dev: false

  /@pixi/mesh@7.3.2(@pixi/core@7.3.2)(@pixi/display@7.3.2):
    resolution: {integrity: sha512-LFkt7ELYXQLgbgHpjl68j6JD5ejUwma8zoPn2gqSBbY+6pK/phjvV1Wkh76muF46VvNulgXF0+qLIDdCsfrDaA==}
    peerDependencies:
      '@pixi/core': 7.3.2
      '@pixi/display': 7.3.2
    dependencies:
      '@pixi/core': 7.3.2
      '@pixi/display': 7.3.2(@pixi/core@7.3.2)
    dev: false

  /@pixi/mixin-cache-as-bitmap@7.3.2(@pixi/core@7.3.2)(@pixi/display@7.3.2)(@pixi/sprite@7.3.2):
    resolution: {integrity: sha512-bZRlyUN5+9kCUjn67V0IFtYIrbmx9Vs4sMOmXyrX3Q4B4gPLE46IzZz3v0IVaTjp32udlQztfJalIaWbuqgb3A==}
    peerDependencies:
      '@pixi/core': 7.3.2
      '@pixi/display': 7.3.2
      '@pixi/sprite': 7.3.2
    dependencies:
      '@pixi/core': 7.3.2
      '@pixi/display': 7.3.2(@pixi/core@7.3.2)
      '@pixi/sprite': 7.3.2(@pixi/core@7.3.2)(@pixi/display@7.3.2)
    dev: false

  /@pixi/mixin-get-child-by-name@7.3.2(@pixi/display@7.3.2):
    resolution: {integrity: sha512-mbUi3WxXrkViH7qOgjk4fu2BN36NwNb7u+Fy1J5dS8Bntj57ZVKmEV9PbUy0zYjXE8rVmeAvSu/2kbn5n9UutQ==}
    peerDependencies:
      '@pixi/display': 7.3.2
    dependencies:
      '@pixi/display': 7.3.2(@pixi/core@7.3.2)
    dev: false

  /@pixi/mixin-get-global-position@7.3.2(@pixi/core@7.3.2)(@pixi/display@7.3.2):
    resolution: {integrity: sha512-1nhWbBgmw6rK7yQJxzeI9yjKYYEkM5i3pee8qVu4YWo3b1xWVQA7osQG7aGM/4qywDkXaA1ZvciA5hfg6f4Q5Q==}
    peerDependencies:
      '@pixi/core': 7.3.2
      '@pixi/display': 7.3.2
    dependencies:
      '@pixi/core': 7.3.2
      '@pixi/display': 7.3.2(@pixi/core@7.3.2)
    dev: false

  /@pixi/particle-container@7.3.2(@pixi/core@7.3.2)(@pixi/display@7.3.2)(@pixi/sprite@7.3.2):
    resolution: {integrity: sha512-JYc4j4z97KmxyLp+1Lg0SNi8hy6RxcBBNQGk+CSLNXeDWxx3hykT5gj/ORX1eXyzHh1ZCG1XzeVS9Yr8QhlFHA==}
    peerDependencies:
      '@pixi/core': 7.3.2
      '@pixi/display': 7.3.2
      '@pixi/sprite': 7.3.2
    dependencies:
      '@pixi/core': 7.3.2
      '@pixi/display': 7.3.2(@pixi/core@7.3.2)
      '@pixi/sprite': 7.3.2(@pixi/core@7.3.2)(@pixi/display@7.3.2)
    dev: false

  /@pixi/prepare@7.3.2(@pixi/core@7.3.2)(@pixi/display@7.3.2)(@pixi/graphics@7.3.2)(@pixi/text@7.3.2):
    resolution: {integrity: sha512-aLPAXSYLUhMwxzJtn9m0TSZe+dQlZCt09QNBqYbSi8LZId54QMDyvfBb4zBOJZrD2xAZgYL5RIJuKHwZtFX6lQ==}
    peerDependencies:
      '@pixi/core': 7.3.2
      '@pixi/display': 7.3.2
      '@pixi/graphics': 7.3.2
      '@pixi/text': 7.3.2
    dependencies:
      '@pixi/core': 7.3.2
      '@pixi/display': 7.3.2(@pixi/core@7.3.2)
      '@pixi/graphics': 7.3.2(@pixi/core@7.3.2)(@pixi/display@7.3.2)(@pixi/sprite@7.3.2)
      '@pixi/text': 7.3.2(@pixi/core@7.3.2)(@pixi/sprite@7.3.2)
    dev: false

  /@pixi/runner@7.3.2:
    resolution: {integrity: sha512-maKotoKJCQiQGBJwfM+iYdQKjrPN/Tn9+72F4WIf706zp/5vKoxW688Rsktg5BX4Mcn7ZkZvcJYTxj2Mv87lFA==}
    dev: false

  /@pixi/settings@7.3.2:
    resolution: {integrity: sha512-vtxzuARDTbFe0fRYSqB53B+mPpX7v+QjjnCUmVMVvZiWr3QcngMWVml6c6dQDln7IakWoKZRrNG4FpggvDgLVg==}
    dependencies:
      '@pixi/constants': 7.3.2
      '@types/css-font-loading-module': 0.0.7
      ismobilejs: 1.1.1
    dev: false

  /@pixi/sprite-animated@7.3.2(@pixi/core@7.3.2)(@pixi/sprite@7.3.2):
    resolution: {integrity: sha512-j9pyUe4cefxE9wecNfbWQyL5fBQKvCGYaOA0DE1X46ukBHrIuhA8u3jg2X3N3r4IcbVvxpWFYDrDsWXWeiBmSw==}
    peerDependencies:
      '@pixi/core': 7.3.2
      '@pixi/sprite': 7.3.2
    dependencies:
      '@pixi/core': 7.3.2
      '@pixi/sprite': 7.3.2(@pixi/core@7.3.2)(@pixi/display@7.3.2)
    dev: false

  /@pixi/sprite-tiling@7.3.2(@pixi/core@7.3.2)(@pixi/display@7.3.2)(@pixi/sprite@7.3.2):
    resolution: {integrity: sha512-tWVVb/rMIx5AczfUrVxa0dZaIufP5C0IOL7IGfFUDQqDu5JSAUC0mwLe4F12jAXBVsqYhCGYx5bIHbPiI5vcSQ==}
    peerDependencies:
      '@pixi/core': 7.3.2
      '@pixi/display': 7.3.2
      '@pixi/sprite': 7.3.2
    dependencies:
      '@pixi/core': 7.3.2
      '@pixi/display': 7.3.2(@pixi/core@7.3.2)
      '@pixi/sprite': 7.3.2(@pixi/core@7.3.2)(@pixi/display@7.3.2)
    dev: false

  /@pixi/sprite@7.3.2(@pixi/core@7.3.2)(@pixi/display@7.3.2):
    resolution: {integrity: sha512-IpWTKXExJNXVcY7ITopJ+JW48DahdbCo/81D2IYzBImq3jyiJM2Km5EoJgvAM5ZQ3Ev3KPPIBzYLD+HoPWcxdw==}
    peerDependencies:
      '@pixi/core': 7.3.2
      '@pixi/display': 7.3.2
    dependencies:
      '@pixi/core': 7.3.2
      '@pixi/display': 7.3.2(@pixi/core@7.3.2)
    dev: false

  /@pixi/spritesheet@7.3.2(@pixi/assets@7.3.2)(@pixi/core@7.3.2):
    resolution: {integrity: sha512-UkwqrPYDqrEdK5ub9qn/9VBvt5caA8ffV5iYR6ssCvrpaQovBKmS+b5pr/BYf8xNTExDpR3OmPIo8iDEYWWLuw==}
    peerDependencies:
      '@pixi/assets': 7.3.2
      '@pixi/core': 7.3.2
    dependencies:
      '@pixi/assets': 7.3.2(@pixi/core@7.3.2)(@pixi/utils@7.3.2)
      '@pixi/core': 7.3.2
    dev: false

  /@pixi/text-bitmap@7.3.2(@pixi/assets@7.3.2)(@pixi/core@7.3.2)(@pixi/display@7.3.2)(@pixi/mesh@7.3.2)(@pixi/text@7.3.2):
    resolution: {integrity: sha512-p8KLgtZSPowWU/Zj+GVtfsUT8uGYo4TtKKYbLoWuxkRA5Pc1+4C9/rV/EOSFfoZIdW5C+iFg5VxRgBllUQf+aA==}
    peerDependencies:
      '@pixi/assets': 7.3.2
      '@pixi/core': 7.3.2
      '@pixi/display': 7.3.2
      '@pixi/mesh': 7.3.2
      '@pixi/text': 7.3.2
    dependencies:
      '@pixi/assets': 7.3.2(@pixi/core@7.3.2)(@pixi/utils@7.3.2)
      '@pixi/core': 7.3.2
      '@pixi/display': 7.3.2(@pixi/core@7.3.2)
      '@pixi/mesh': 7.3.2(@pixi/core@7.3.2)(@pixi/display@7.3.2)
      '@pixi/text': 7.3.2(@pixi/core@7.3.2)(@pixi/sprite@7.3.2)
    dev: false

  /@pixi/text-html@7.3.2(@pixi/core@7.3.2)(@pixi/display@7.3.2)(@pixi/sprite@7.3.2)(@pixi/text@7.3.2):
    resolution: {integrity: sha512-IYhBWEPOvqUtlHkS5/c1Hseuricj5jrrGd21ivcvHmcnK/x2m+CRGvvzeBp1mqoYBnDbQVrD2wSXSe4Dv9tEJA==}
    peerDependencies:
      '@pixi/core': 7.3.2
      '@pixi/display': 7.3.2
      '@pixi/sprite': 7.3.2
      '@pixi/text': 7.3.2
    dependencies:
      '@pixi/core': 7.3.2
      '@pixi/display': 7.3.2(@pixi/core@7.3.2)
      '@pixi/sprite': 7.3.2(@pixi/core@7.3.2)(@pixi/display@7.3.2)
      '@pixi/text': 7.3.2(@pixi/core@7.3.2)(@pixi/sprite@7.3.2)
    dev: false

  /@pixi/text@7.3.2(@pixi/core@7.3.2)(@pixi/sprite@7.3.2):
    resolution: {integrity: sha512-LdtNj+K5tPB/0UcDcO52M/C7xhwFTGFhtdF42fPhRuJawM23M3zm1Y8PapXv+mury+IxCHT1w30YlAi0qTVpKQ==}
    peerDependencies:
      '@pixi/core': 7.3.2
      '@pixi/sprite': 7.3.2
    dependencies:
      '@pixi/core': 7.3.2
      '@pixi/sprite': 7.3.2(@pixi/core@7.3.2)(@pixi/display@7.3.2)
    dev: false

  /@pixi/ticker@7.3.2:
    resolution: {integrity: sha512-5kIPhBeXwDJohCzKzJJ6T7f1oAGbHAgeiwOjlTO+9lNXUX8ZPj0407V3syuF+64kFqJzIBCznBRpI+fmT4c9SA==}
    dependencies:
      '@pixi/extensions': 7.3.2
      '@pixi/settings': 7.3.2
      '@pixi/utils': 7.3.2
    dev: false

  /@pixi/utils@7.3.2:
    resolution: {integrity: sha512-KhNvj9YcY7Zi2dTKZgDpx8C6OxKKR541vwtG6JgdBZZYDeMBOIghN2Vi5zn4diW5BhDfHBmdSJ1wZXEtE2MDwg==}
    dependencies:
      '@pixi/color': 7.3.2
      '@pixi/constants': 7.3.2
      '@pixi/settings': 7.3.2
      '@types/earcut': 2.1.3
      earcut: 2.2.4
      eventemitter3: 4.0.7
      url: 0.11.3
    dev: false

  /@types/css-font-loading-module@0.0.7:
    resolution: {integrity: sha512-nl09VhutdjINdWyXxHWN/w9zlNCfr60JUqJbd24YXUuCwgeL0TpFSdElCwb6cxfB6ybE19Gjj4g0jsgkXxKv1Q==}
    dev: false

  /@types/earcut@2.1.3:
    resolution: {integrity: sha512-pskpibEbm73+7nA9RqxGEnAiALRO92DdoSVxasyjGrqzEndaSDjFG73GCtstMzhdOowZMItVw2fhTdxVrY221w==}
    dev: false

  /@types/node@18.18.6:
    resolution: {integrity: sha512-wf3Vz+jCmOQ2HV1YUJuCWdL64adYxumkrxtc+H1VUQlnQI04+5HtH+qZCOE21lBE7gIrt+CwX2Wv8Acrw5Ak6w==}
    dev: true

  /@types/offscreencanvas@2019.7.2:
    resolution: {integrity: sha512-ujCjOxeA07IbEBQYAkoOI+XFw5sT3nhWJ/xZfPR6reJppDG7iPQPZacQiLTtWH1b3a2NYXWlxvYqa40y/LAixQ==}
    dev: false

  /call-bind@1.0.5:
    resolution: {integrity: sha512-C3nQxfFZxFRVoJoGKKI8y3MOEo129NQ+FgQ08iye+Mk4zNZZGdjfs06bVTr+DBSlA66Q2VEcMki/cUCP4SercQ==}
    dependencies:
      function-bind: 1.1.2
      get-intrinsic: 1.2.2
      set-function-length: 1.1.1
    dev: false

  /define-data-property@1.1.1:
    resolution: {integrity: sha512-E7uGkTzkk1d0ByLeSc6ZsFS79Axg+m1P/VsgYsxHgiuc3tFSj+MjMIwe90FC4lOAZzNBdY7kkO2P2wKdsQ1vgQ==}
    engines: {node: '>= 0.4'}
    dependencies:
      get-intrinsic: 1.2.2
      gopd: 1.0.1
      has-property-descriptors: 1.0.1
    dev: false

  /earcut@2.2.4:
    resolution: {integrity: sha512-/pjZsA1b4RPHbeWZQn66SWS8nZZWLQQ23oE3Eam7aroEFGEvwKAsJfZ9ytiEMycfzXWpca4FA9QIOehf7PocBQ==}
    dev: false

  /esbuild-android-64@0.15.18:
    resolution: {integrity: sha512-wnpt3OXRhcjfIDSZu9bnzT4/TNTDsOUvip0foZOUBG7QbSt//w3QV4FInVJxNhKc/ErhUxc5z4QjHtMi7/TbgA==}
    engines: {node: '>=12'}
    cpu: [x64]
    os: [android]
    requiresBuild: true
    dev: true
    optional: true

  /esbuild-android-arm64@0.15.18:
    resolution: {integrity: sha512-G4xu89B8FCzav9XU8EjsXacCKSG2FT7wW9J6hOc18soEHJdtWu03L3TQDGf0geNxfLTtxENKBzMSq9LlbjS8OQ==}
    engines: {node: '>=12'}
    cpu: [arm64]
    os: [android]
    requiresBuild: true
    dev: true
    optional: true

  /esbuild-darwin-64@0.15.18:
    resolution: {integrity: sha512-2WAvs95uPnVJPuYKP0Eqx+Dl/jaYseZEUUT1sjg97TJa4oBtbAKnPnl3b5M9l51/nbx7+QAEtuummJZW0sBEmg==}
    engines: {node: '>=12'}
    cpu: [x64]
    os: [darwin]
    requiresBuild: true
    dev: true
    optional: true

  /esbuild-darwin-arm64@0.15.18:
    resolution: {integrity: sha512-tKPSxcTJ5OmNb1btVikATJ8NftlyNlc8BVNtyT/UAr62JFOhwHlnoPrhYWz09akBLHI9nElFVfWSTSRsrZiDUA==}
    engines: {node: '>=12'}
    cpu: [arm64]
    os: [darwin]
    requiresBuild: true
    dev: true
    optional: true

  /esbuild-freebsd-64@0.15.18:
    resolution: {integrity: sha512-TT3uBUxkteAjR1QbsmvSsjpKjOX6UkCstr8nMr+q7zi3NuZ1oIpa8U41Y8I8dJH2fJgdC3Dj3CXO5biLQpfdZA==}
    engines: {node: '>=12'}
    cpu: [x64]
    os: [freebsd]
    requiresBuild: true
    dev: true
    optional: true

  /esbuild-freebsd-arm64@0.15.18:
    resolution: {integrity: sha512-R/oVr+X3Tkh+S0+tL41wRMbdWtpWB8hEAMsOXDumSSa6qJR89U0S/PpLXrGF7Wk/JykfpWNokERUpCeHDl47wA==}
    engines: {node: '>=12'}
    cpu: [arm64]
    os: [freebsd]
    requiresBuild: true
    dev: true
    optional: true

  /esbuild-linux-32@0.15.18:
    resolution: {integrity: sha512-lphF3HiCSYtaa9p1DtXndiQEeQDKPl9eN/XNoBf2amEghugNuqXNZA/ZovthNE2aa4EN43WroO0B85xVSjYkbg==}
    engines: {node: '>=12'}
    cpu: [ia32]
    os: [linux]
    requiresBuild: true
    dev: true
    optional: true

  /esbuild-linux-64@0.15.18:
    resolution: {integrity: sha512-hNSeP97IviD7oxLKFuii5sDPJ+QHeiFTFLoLm7NZQligur8poNOWGIgpQ7Qf8Balb69hptMZzyOBIPtY09GZYw==}
    engines: {node: '>=12'}
    cpu: [x64]
    os: [linux]
    requiresBuild: true
    dev: true
    optional: true

  /esbuild-linux-arm64@0.15.18:
    resolution: {integrity: sha512-54qr8kg/6ilcxd+0V3h9rjT4qmjc0CccMVWrjOEM/pEcUzt8X62HfBSeZfT2ECpM7104mk4yfQXkosY8Quptug==}
    engines: {node: '>=12'}
    cpu: [arm64]
    os: [linux]
    requiresBuild: true
    dev: true
    optional: true

  /esbuild-linux-arm@0.15.18:
    resolution: {integrity: sha512-UH779gstRblS4aoS2qpMl3wjg7U0j+ygu3GjIeTonCcN79ZvpPee12Qun3vcdxX+37O5LFxz39XeW2I9bybMVA==}
    engines: {node: '>=12'}
    cpu: [arm]
    os: [linux]
    requiresBuild: true
    dev: true
    optional: true

  /esbuild-linux-mips64le@0.15.18:
    resolution: {integrity: sha512-Mk6Ppwzzz3YbMl/ZZL2P0q1tnYqh/trYZ1VfNP47C31yT0K8t9s7Z077QrDA/guU60tGNp2GOwCQnp+DYv7bxQ==}
    engines: {node: '>=12'}
    cpu: [mips64el]
    os: [linux]
    requiresBuild: true
    dev: true
    optional: true

  /esbuild-linux-ppc64le@0.15.18:
    resolution: {integrity: sha512-b0XkN4pL9WUulPTa/VKHx2wLCgvIAbgwABGnKMY19WhKZPT+8BxhZdqz6EgkqCLld7X5qiCY2F/bfpUUlnFZ9w==}
    engines: {node: '>=12'}
    cpu: [ppc64]
    os: [linux]
    requiresBuild: true
    dev: true
    optional: true

  /esbuild-linux-riscv64@0.15.18:
    resolution: {integrity: sha512-ba2COaoF5wL6VLZWn04k+ACZjZ6NYniMSQStodFKH/Pu6RxzQqzsmjR1t9QC89VYJxBeyVPTaHuBMCejl3O/xg==}
    engines: {node: '>=12'}
    cpu: [riscv64]
    os: [linux]
    requiresBuild: true
    dev: true
    optional: true

  /esbuild-linux-s390x@0.15.18:
    resolution: {integrity: sha512-VbpGuXEl5FCs1wDVp93O8UIzl3ZrglgnSQ+Hu79g7hZu6te6/YHgVJxCM2SqfIila0J3k0csfnf8VD2W7u2kzQ==}
    engines: {node: '>=12'}
    cpu: [s390x]
    os: [linux]
    requiresBuild: true
    dev: true
    optional: true

  /esbuild-netbsd-64@0.15.18:
    resolution: {integrity: sha512-98ukeCdvdX7wr1vUYQzKo4kQ0N2p27H7I11maINv73fVEXt2kyh4K4m9f35U1K43Xc2QGXlzAw0K9yoU7JUjOg==}
    engines: {node: '>=12'}
    cpu: [x64]
    os: [netbsd]
    requiresBuild: true
    dev: true
    optional: true

  /esbuild-openbsd-64@0.15.18:
    resolution: {integrity: sha512-yK5NCcH31Uae076AyQAXeJzt/vxIo9+omZRKj1pauhk3ITuADzuOx5N2fdHrAKPxN+zH3w96uFKlY7yIn490xQ==}
    engines: {node: '>=12'}
    cpu: [x64]
    os: [openbsd]
    requiresBuild: true
    dev: true
    optional: true

  /esbuild-sunos-64@0.15.18:
    resolution: {integrity: sha512-On22LLFlBeLNj/YF3FT+cXcyKPEI263nflYlAhz5crxtp3yRG1Ugfr7ITyxmCmjm4vbN/dGrb/B7w7U8yJR9yw==}
    engines: {node: '>=12'}
    cpu: [x64]
    os: [sunos]
    requiresBuild: true
    dev: true
    optional: true

  /esbuild-windows-32@0.15.18:
    resolution: {integrity: sha512-o+eyLu2MjVny/nt+E0uPnBxYuJHBvho8vWsC2lV61A7wwTWC3jkN2w36jtA+yv1UgYkHRihPuQsL23hsCYGcOQ==}
    engines: {node: '>=12'}
    cpu: [ia32]
    os: [win32]
    requiresBuild: true
    dev: true
    optional: true

  /esbuild-windows-64@0.15.18:
    resolution: {integrity: sha512-qinug1iTTaIIrCorAUjR0fcBk24fjzEedFYhhispP8Oc7SFvs+XeW3YpAKiKp8dRpizl4YYAhxMjlftAMJiaUw==}
    engines: {node: '>=12'}
    cpu: [x64]
    os: [win32]
    requiresBuild: true
    dev: true
    optional: true

  /esbuild-windows-arm64@0.15.18:
    resolution: {integrity: sha512-q9bsYzegpZcLziq0zgUi5KqGVtfhjxGbnksaBFYmWLxeV/S1fK4OLdq2DFYnXcLMjlZw2L0jLsk1eGoB522WXQ==}
    engines: {node: '>=12'}
    cpu: [arm64]
    os: [win32]
    requiresBuild: true
    dev: true
    optional: true

  /esbuild@0.15.18:
    resolution: {integrity: sha512-x/R72SmW3sSFRm5zrrIjAhCeQSAWoni3CmHEqfQrZIQTM3lVCdehdwuIqaOtfC2slvpdlLa62GYoN8SxT23m6Q==}
    engines: {node: '>=12'}
    hasBin: true
    requiresBuild: true
    optionalDependencies:
      '@esbuild/android-arm': 0.15.18
      '@esbuild/linux-loong64': 0.15.18
      esbuild-android-64: 0.15.18
      esbuild-android-arm64: 0.15.18
      esbuild-darwin-64: 0.15.18
      esbuild-darwin-arm64: 0.15.18
      esbuild-freebsd-64: 0.15.18
      esbuild-freebsd-arm64: 0.15.18
      esbuild-linux-32: 0.15.18
      esbuild-linux-64: 0.15.18
      esbuild-linux-arm: 0.15.18
      esbuild-linux-arm64: 0.15.18
      esbuild-linux-mips64le: 0.15.18
      esbuild-linux-ppc64le: 0.15.18
      esbuild-linux-riscv64: 0.15.18
      esbuild-linux-s390x: 0.15.18
      esbuild-netbsd-64: 0.15.18
      esbuild-openbsd-64: 0.15.18
      esbuild-sunos-64: 0.15.18
      esbuild-windows-32: 0.15.18
      esbuild-windows-64: 0.15.18
      esbuild-windows-arm64: 0.15.18
    dev: true

  /eventemitter3@4.0.7:
    resolution: {integrity: sha512-8guHBZCwKnFhYdHr2ysuRWErTwhoN2X8XELRlrRwpmfeY2jjuUN4taQMsULKUVo1K4DvZl+0pgfyoysHxvmvEw==}
    dev: false

  /fsevents@2.3.3:
    resolution: {integrity: sha512-5xoDfX+fL7faATnagmWPpbFtwh/R77WmMMqqHGS65C3vvB0YHrgF+B1YmZ3441tMj5n63k0212XNoJwzlhffQw==}
    engines: {node: ^8.16.0 || ^10.6.0 || >=11.0.0}
    os: [darwin]
    requiresBuild: true
    dev: true
    optional: true

  /function-bind@1.1.2:
    resolution: {integrity: sha512-7XHNxH7qX9xG5mIwxkhumTox/MIRNcOgDrxWsMt2pAr23WHp6MrRlN7FBSFpCpr+oVO0F744iUgR82nJMfG2SA==}
    dev: false

  /get-intrinsic@1.2.2:
    resolution: {integrity: sha512-0gSo4ml/0j98Y3lngkFEot/zhiCeWsbYIlZ+uZOVgzLyLaUw7wxUL+nCTP0XJvJg1AXulJRI3UJi8GsbDuxdGA==}
    dependencies:
      function-bind: 1.1.2
      has-proto: 1.0.1
      has-symbols: 1.0.3
      hasown: 2.0.0
    dev: false

  /gopd@1.0.1:
    resolution: {integrity: sha512-d65bNlIadxvpb/A2abVdlqKqV563juRnZ1Wtk6s1sIR8uNsXR70xqIzVqxVf1eTqDunwT2MkczEeaezCKTZhwA==}
    dependencies:
      get-intrinsic: 1.2.2
    dev: false

  /has-property-descriptors@1.0.1:
    resolution: {integrity: sha512-VsX8eaIewvas0xnvinAe9bw4WfIeODpGYikiWYLH+dma0Jw6KHYqWiWfhQlgOVK8D6PvjubK5Uc4P0iIhIcNVg==}
    dependencies:
      get-intrinsic: 1.2.2
    dev: false

  /has-proto@1.0.1:
    resolution: {integrity: sha512-7qE+iP+O+bgF9clE5+UoBFzE65mlBiVj3tKCrlNQ0Ogwm0BjpT/gK4SlLYDMybDh5I3TCTKnPPa0oMG7JDYrhg==}
    engines: {node: '>= 0.4'}
    dev: false

  /has-symbols@1.0.3:
    resolution: {integrity: sha512-l3LCuF6MgDNwTDKkdYGEihYjt5pRPbEg46rtlmnSPlUbgmB8LOIrKJbYYFBSbnPaJexMKtiPO8hmeRjRz2Td+A==}
    engines: {node: '>= 0.4'}
    dev: false

  /has@1.0.4:
    resolution: {integrity: sha512-qdSAmqLF6209RFj4VVItywPMbm3vWylknmB3nvNiUIs72xAimcM8nVYxYr7ncvZq5qzk9MKIZR8ijqD/1QuYjQ==}
    engines: {node: '>= 0.4.0'}
    dev: true

  /hasown@2.0.0:
    resolution: {integrity: sha512-vUptKVTpIJhcczKBbgnS+RtcuYMB8+oNzPK2/Hp3hanz8JmpATdmmgLgSaadVREkDm+e2giHwY3ZRkyjSIDDFA==}
    engines: {node: '>= 0.4'}
    dependencies:
      function-bind: 1.1.2
    dev: false

  /is-core-module@2.13.0:
    resolution: {integrity: sha512-Z7dk6Qo8pOCp3l4tsX2C5ZVas4V+UxwQodwZhLopL91TX8UyyHEXafPcyoeeWuLrwzHcr3igO78wNLwHJHsMCQ==}
    dependencies:
      has: 1.0.4
    dev: true

  /ismobilejs@1.1.1:
    resolution: {integrity: sha512-VaFW53yt8QO61k2WJui0dHf4SlL8lxBofUuUmwBo0ljPk0Drz2TiuDW4jo3wDcv41qy/SxrJ+VAzJ/qYqsmzRw==}
    dev: false

  /nanoid@3.3.6:
    resolution: {integrity: sha512-BGcqMMJuToF7i1rt+2PWSNVnWIkGCU78jBG3RxO/bZlnZPK2Cmi2QaffxGO/2RvWi9sL+FAiRiXMgsyxQ1DIDA==}
    engines: {node: ^10 || ^12 || ^13.7 || ^14 || >=15.0.1}
    hasBin: true
    dev: true

  /object-inspect@1.13.1:
    resolution: {integrity: sha512-5qoj1RUiKOMsCCNLV1CBiPYE10sziTsnmNxkAI/rZhiD63CF7IqdFGC/XzjWjpSgLf0LxXX3bDFIh0E18f6UhQ==}
    dev: false

  /path-parse@1.0.7:
    resolution: {integrity: sha512-LDJzPVEEEPR+y48z93A0Ed0yXb8pAByGWo/k5YYdYgpY2/2EsOsksJrq7lOHxryrVOn1ejG6oAp8ahvOIQD8sw==}
    dev: true

  /picocolors@1.0.0:
    resolution: {integrity: sha512-1fygroTLlHu66zi26VoTDv8yRgm0Fccecssto+MhsZ0D/DGW2sm8E8AjW7NU5VVTRt5GxbeZ5qBuJr+HyLYkjQ==}
    dev: true

  /pixi-viewport@5.0.2:
    resolution: {integrity: sha512-U77KnCTl81xEgxEQRFEuI7MYVySWwCVkA41EnM8KiOYwgVOwdBUa7318O+u61IOnTwnoYLzaihy/kpoONKU13Q==}
    dev: false

  /pixi.js@7.3.2(@pixi/utils@7.3.2):
    resolution: {integrity: sha512-GJickUrT3UcBInGT1CU6cv2oktCdocE5QM74CD3t+weiJPPWIzleNlp7zrBR5QIDdU6bEO8CUgUXH2Y9QvlCMw==}
    dependencies:
      '@pixi/accessibility': 7.3.2(@pixi/core@7.3.2)(@pixi/display@7.3.2)(@pixi/events@7.3.2)
      '@pixi/app': 7.3.2(@pixi/core@7.3.2)(@pixi/display@7.3.2)
      '@pixi/assets': 7.3.2(@pixi/core@7.3.2)(@pixi/utils@7.3.2)
      '@pixi/compressed-textures': 7.3.2(@pixi/assets@7.3.2)(@pixi/core@7.3.2)
      '@pixi/core': 7.3.2
      '@pixi/display': 7.3.2(@pixi/core@7.3.2)
      '@pixi/events': 7.3.2(@pixi/core@7.3.2)(@pixi/display@7.3.2)
      '@pixi/extensions': 7.3.2
      '@pixi/extract': 7.3.2(@pixi/core@7.3.2)
      '@pixi/filter-alpha': 7.3.2(@pixi/core@7.3.2)
      '@pixi/filter-blur': 7.3.2(@pixi/core@7.3.2)
      '@pixi/filter-color-matrix': 7.3.2(@pixi/core@7.3.2)
      '@pixi/filter-displacement': 7.3.2(@pixi/core@7.3.2)
      '@pixi/filter-fxaa': 7.3.2(@pixi/core@7.3.2)
      '@pixi/filter-noise': 7.3.2(@pixi/core@7.3.2)
      '@pixi/graphics': 7.3.2(@pixi/core@7.3.2)(@pixi/display@7.3.2)(@pixi/sprite@7.3.2)
      '@pixi/mesh': 7.3.2(@pixi/core@7.3.2)(@pixi/display@7.3.2)
      '@pixi/mesh-extras': 7.3.2(@pixi/core@7.3.2)(@pixi/mesh@7.3.2)
      '@pixi/mixin-cache-as-bitmap': 7.3.2(@pixi/core@7.3.2)(@pixi/display@7.3.2)(@pixi/sprite@7.3.2)
      '@pixi/mixin-get-child-by-name': 7.3.2(@pixi/display@7.3.2)
      '@pixi/mixin-get-global-position': 7.3.2(@pixi/core@7.3.2)(@pixi/display@7.3.2)
      '@pixi/particle-container': 7.3.2(@pixi/core@7.3.2)(@pixi/display@7.3.2)(@pixi/sprite@7.3.2)
      '@pixi/prepare': 7.3.2(@pixi/core@7.3.2)(@pixi/display@7.3.2)(@pixi/graphics@7.3.2)(@pixi/text@7.3.2)
      '@pixi/sprite': 7.3.2(@pixi/core@7.3.2)(@pixi/display@7.3.2)
      '@pixi/sprite-animated': 7.3.2(@pixi/core@7.3.2)(@pixi/sprite@7.3.2)
      '@pixi/sprite-tiling': 7.3.2(@pixi/core@7.3.2)(@pixi/display@7.3.2)(@pixi/sprite@7.3.2)
      '@pixi/spritesheet': 7.3.2(@pixi/assets@7.3.2)(@pixi/core@7.3.2)
      '@pixi/text': 7.3.2(@pixi/core@7.3.2)(@pixi/sprite@7.3.2)
      '@pixi/text-bitmap': 7.3.2(@pixi/assets@7.3.2)(@pixi/core@7.3.2)(@pixi/display@7.3.2)(@pixi/mesh@7.3.2)(@pixi/text@7.3.2)
      '@pixi/text-html': 7.3.2(@pixi/core@7.3.2)(@pixi/display@7.3.2)(@pixi/sprite@7.3.2)(@pixi/text@7.3.2)
    transitivePeerDependencies:
      - '@pixi/utils'
    dev: false

  /postcss@8.4.31:
    resolution: {integrity: sha512-PS08Iboia9mts/2ygV3eLpY5ghnUcfLV/EXTOW1E2qYxJKGGBUtNjN76FYHnMs36RmARn41bC0AZmn+rR0OVpQ==}
    engines: {node: ^10 || ^12 || >=14}
    dependencies:
      nanoid: 3.3.6
      picocolors: 1.0.0
      source-map-js: 1.0.2
    dev: true

  /punycode@1.4.1:
    resolution: {integrity: sha512-jmYNElW7yvO7TV33CjSmvSiE2yco3bV2czu/OzDKdMNVZQWfxCblURLhf+47syQRBntjfLdd/H0egrzIG+oaFQ==}
    dev: false

  /qs@6.11.2:
    resolution: {integrity: sha512-tDNIz22aBzCDxLtVH++VnTfzxlfeK5CbqohpSqpJgj1Wg/cQbStNAz3NuqCs5vV+pjBsK4x4pN9HlVh7rcYRiA==}
    engines: {node: '>=0.6'}
    dependencies:
      side-channel: 1.0.4
    dev: false

  /resolve@1.22.8:
    resolution: {integrity: sha512-oKWePCxqpd6FlLvGV1VU0x7bkPmmCNolxzjMf4NczoDnQcIWrAF+cPtZn5i6n+RfD2d9i0tzpKnG6Yk168yIyw==}
    hasBin: true
    dependencies:
      is-core-module: 2.13.0
      path-parse: 1.0.7
      supports-preserve-symlinks-flag: 1.0.0
    dev: true

  /rollup@2.79.1:
    resolution: {integrity: sha512-uKxbd0IhMZOhjAiD5oAFp7BqvkA4Dv47qpOCtaNvng4HBwdbWtdOh8f5nZNuk2rp51PMGk3bzfWu5oayNEuYnw==}
    engines: {node: '>=10.0.0'}
    hasBin: true
    optionalDependencies:
      fsevents: 2.3.3
    dev: true

  /set-function-length@1.1.1:
    resolution: {integrity: sha512-VoaqjbBJKiWtg4yRcKBQ7g7wnGnLV3M8oLvVWwOk2PdYY6PEFegR1vezXR0tw6fZGF9csVakIRjrJiy2veSBFQ==}
    engines: {node: '>= 0.4'}
    dependencies:
      define-data-property: 1.1.1
      get-intrinsic: 1.2.2
      gopd: 1.0.1
      has-property-descriptors: 1.0.1
    dev: false

  /side-channel@1.0.4:
    resolution: {integrity: sha512-q5XPytqFEIKHkGdiMIrY10mvLRvnQh42/+GoBlFW3b2LXLE2xxJpZFdm94we0BaoV3RwJyGqg5wS7epxTv0Zvw==}
    dependencies:
      call-bind: 1.0.5
      get-intrinsic: 1.2.2
      object-inspect: 1.13.1
    dev: false

  /source-map-js@1.0.2:
    resolution: {integrity: sha512-R0XvVJ9WusLiqTCEiGCmICCMplcCkIwwR11mOSD9CR5u+IXYdiseeEuXCVAjS54zqwkLcPNnmU4OeJ6tUrWhDw==}
    engines: {node: '>=0.10.0'}
    dev: true

  /supports-preserve-symlinks-flag@1.0.0:
    resolution: {integrity: sha512-ot0WnXS9fgdkgIcePe6RHNk1WA8+muPa6cSjeR3V8K27q9BB1rTE3R1p7Hv0z1ZyAc8s6Vvv8DIyWf681MAt0w==}
    engines: {node: '>= 0.4'}
    dev: true

  /typescript@4.9.5:
    resolution: {integrity: sha512-1FXk9E2Hm+QzZQ7z+McJiHL4NW1F2EzMu9Nq9i3zAaGqibafqYwCVU6WyWAuyQRRzOlxou8xZSyXLEN8oKj24g==}
    engines: {node: '>=4.2.0'}
    hasBin: true
    dev: true

  /url@0.11.3:
    resolution: {integrity: sha512-6hxOLGfZASQK/cijlZnZJTq8OXAkt/3YGfQX45vvMYXpZoo8NdWZcY73K108Jf759lS1Bv/8wXnHDTSz17dSRw==}
    dependencies:
      punycode: 1.4.1
      qs: 6.11.2
    dev: false

  /vite@3.2.7(@types/node@18.18.6):
    resolution: {integrity: sha512-29pdXjk49xAP0QBr0xXqu2s5jiQIXNvE/xwd0vUizYT2Hzqe4BksNNoWllFVXJf4eLZ+UlVQmXfB4lWrc+t18g==}
    engines: {node: ^14.18.0 || >=16.0.0}
    hasBin: true
    peerDependencies:
      '@types/node': '>= 14'
      less: '*'
      sass: '*'
      stylus: '*'
      sugarss: '*'
      terser: ^5.4.0
    peerDependenciesMeta:
      '@types/node':
        optional: true
      less:
        optional: true
      sass:
        optional: true
      stylus:
        optional: true
      sugarss:
        optional: true
      terser:
        optional: true
    dependencies:
      '@types/node': 18.18.6
      esbuild: 0.15.18
      postcss: 8.4.31
      resolve: 1.22.8
      rollup: 2.79.1
    optionalDependencies:
      fsevents: 2.3.3
    dev: true
